
Terraform used the selected providers to generate the following execution
plan. Resource actions are indicated with the following symbols:
  [32m+[0m create[0m

Terraform will perform the following actions:

[1m  # render_postgres.primes-service-database[0m will be created
[0m  [32m+[0m[0m resource "render_postgres" "primes-service-database" {
      [32m+[0m[0m connection_info           = (sensitive value)
      [32m+[0m[0m database_name             = "primes"
      [32m+[0m[0m database_user             = "fred"
      [32m+[0m[0m environment_id            = (known after apply)
      [32m+[0m[0m high_availability_enabled = (known after apply)
      [32m+[0m[0m id                        = (known after apply)
      [32m+[0m[0m ip_allow_list             = (known after apply)
      [32m+[0m[0m log_stream_override       = (known after apply)
      [32m+[0m[0m name                      = "primes-service-database"
      [32m+[0m[0m plan                      = "free"
      [32m+[0m[0m primary_postgres_id       = (known after apply)
      [32m+[0m[0m region                    = "ohio"
      [32m+[0m[0m role                      = (known after apply)
      [32m+[0m[0m version                   = "16"
    }

[1m  # render_project.p466[0m will be created
[0m  [32m+[0m[0m resource "render_project" "p466" {
      [32m+[0m[0m environments = {
          [32m+[0m[0m "development" = {
              [32m+[0m[0m id               = (known after apply)
              [32m+[0m[0m name             = "development"
              [32m+[0m[0m protected_status = "unprotected"
            },
          [32m+[0m[0m "staging" = {
              [32m+[0m[0m id               = (known after apply)
              [32m+[0m[0m name             = "staging"
              [32m+[0m[0m protected_status = "protected"
            },
        }
      [32m+[0m[0m id           = (known after apply)
      [32m+[0m[0m name         = "P466 - Spring 2025"
    }

[1mPlan:[0m 2 to add, 0 to change, 0 to destroy.
[0m[0m[1m
Do you want to perform these actions?[0m
  Terraform will perform the actions described above.
  Only 'yes' will be accepted to approve.

  [1mEnter a value:[0m [0m
[0m[1mrender_project.p466: Creating...[0m[0m
